
Microsoft Visual Studio Solution File, Format Version 12.00
# Visual Studio 15
VisualStudioVersion = 15.0.28307.489
MinimumVisualStudioVersion = 10.0.40219.1
Project("{FAE04EC0-301F-11D3-BF4B-00C04F79EFBC}") = "exerciseSmartphone", "exerciseSmartphone\exerciseSmartphone.csproj", "{8750D210-8A94-44C3-83BC-FC5FDE68F305}"
EndProject
Project("{FAE04EC0-301F-11D3-BF4B-00C04F79EFBC}") = "LinkExercise", "LinkExercise\LinkExercise.csproj", "{9B6533ED-9158-4A4D-AD98-12BDF5AE2685}"
EndProject
Global
	GlobalSection(SolutionConfigurationPlatforms) = preSolution
		Debug|Any CPU = Debug|Any CPU
		Release|Any CPU = Release|Any CPU
	EndGlobalSection
	GlobalSection(ProjectConfigurationPlatforms) = postSolution
		{8750D210-8A94-44C3-83BC-FC5FDE68F305}.Debug|Any CPU.ActiveCfg = Debug|Any CPU
		{8750D210-8A94-44C3-83BC-FC5FDE68F305}.Debug|Any CPU.Build.0 = Debug|Any CPU
		{8750D210-8A94-44C3-83BC-FC5FDE68F305}.Release|Any CPU.ActiveCfg = Release|Any CPU
		{8750D210-8A94-44C3-83BC-FC5FDE68F305}.Release|Any CPU.Build.0 = Release|Any CPU
		{9B6533ED-9158-4A4D-AD98-12BDF5AE2685}.Debug|Any CPU.ActiveCfg = Debug|Any CPU
		{9B6533ED-9158-4A4D-AD98-12BDF5AE2685}.Debug|Any CPU.Build.0 = Debug|Any CPU
		{9B6533ED-9158-4A4D-AD98-12BDF5AE2685}.Release|Any CPU.ActiveCfg = Release|Any CPU
		{9B6533ED-9158-4A4D-AD98-12BDF5AE2685}.Release|Any CPU.Build.0 = Release|Any CPU
	EndGlobalSection
	GlobalSection(SolutionProperties) = preSolution
		HideSolutionNode = FALSE
	EndGlobalSection
	GlobalSection(ExtensibilityGlobals) = postSolution
		SolutionGuid = {C2927992-85F0-48D6-903A-C1297F3C365D}
	EndGlobalSection
EndGlobal
